
Microsoft Visual Studio Solution File, Format Version 12.00
# Visual Studio Version 16
VisualStudioVersion = 16.0.29215.179
MinimumVisualStudioVersion = 10.0.40219.1
Project("{FAE04EC0-301F-11D3-BF4B-00C04F79EFBC}") = "WpfApp1", "WpfApp1\WpfApp1.csproj", "{03976F64-B261-4CCF-B044-83E1D82A6F1C}"
EndProject
Global
	GlobalSection(SolutionConfigurationPlatforms) = preSolution
		Debug|Any CPU = Debug|Any CPU
		Release|Any CPU = Release|Any CPU
	EndGlobalSection
	GlobalSection(ProjectConfigurationPlatforms) = postSolution
		{03976F64-B261-4CCF-B044-83E1D82A6F1C}.Debug|Any CPU.ActiveCfg = Debug|Any CPU
		{03976F64-B261-4CCF-B044-83E1D82A6F1C}.Debug|Any CPU.Build.0 = Debug|Any CPU
		{03976F64-B261-4CCF-B044-83E1D82A6F1C}.Release|Any CPU.ActiveCfg = Release|Any CPU
		{03976F64-B261-4CCF-B044-83E1D82A6F1C}.Release|Any CPU.Build.0 = Release|Any CPU
	EndGlobalSection
	GlobalSection(SolutionProperties) = preSolution
		HideSolutionNode = FALSE
	EndGlobalSection
	GlobalSection(ExtensibilityGlobals) = postSolution
		SolutionGuid = {283FD7AD-37A3-4AF5-A0C7-9DA32259A3CD}
	EndGlobalSection
EndGlobal
